
Microsoft Visual Studio Solution File, Format Version 12.00
# Visual Studio Version 16
VisualStudioVersion = 16.0.30225.117
MinimumVisualStudioVersion = 10.0.40219.1
Project("{2150E333-8FDC-42A3-9474-1A3956D46DE8}") = "Cellar", "Cellar", "{D9B36C92-3AA5-4163-BA57-5AF65FD243D1}"
EndProject
Project("{2150E333-8FDC-42A3-9474-1A3956D46DE8}") = "Identity", "Identity", "{3861C859-A168-4BCE-BC01-7D62E4B9941E}"
EndProject
Project("{2150E333-8FDC-42A3-9474-1A3956D46DE8}") = "Services", "Services", "{A4EACAEC-9A23-45EE-B606-7EC80A003055}"
EndProject
Global
	GlobalSection(SolutionProperties) = preSolution
		HideSolutionNode = FALSE
	EndGlobalSection
	GlobalSection(NestedProjects) = preSolution
		{D9B36C92-3AA5-4163-BA57-5AF65FD243D1} = {A4EACAEC-9A23-45EE-B606-7EC80A003055}
		{3861C859-A168-4BCE-BC01-7D62E4B9941E} = {A4EACAEC-9A23-45EE-B606-7EC80A003055}
	EndGlobalSection
	GlobalSection(ExtensibilityGlobals) = postSolution
		SolutionGuid = {80E05E61-3CA5-4666-8AA4-B3906D8ADC94}
	EndGlobalSection
EndGlobal
